
Microsoft Visual Studio Solution File, Format Version 12.00
# Visual Studio Version 17
VisualStudioVersion = 17.9.34728.123
MinimumVisualStudioVersion = 10.0.40219.1
Project("{FAE04EC0-301F-11D3-BF4B-00C04F79EFBC}") = "Module07Activity01.Android", "Module07Activity01.Android\Module07Activity01.Android.csproj", "{02F58424-3410-4FFC-894E-7B93EE270F51}"
EndProject
Project("{FAE04EC0-301F-11D3-BF4B-00C04F79EFBC}") = "Module07Activity01", "Module07Activity01\Module07Activity01.csproj", "{4962E45C-B70B-4496-8EE5-FE479F758C34}"
EndProject
Global
	GlobalSection(SolutionConfigurationPlatforms) = preSolution
		Debug|Any CPU = Debug|Any CPU
		Release|Any CPU = Release|Any CPU
	EndGlobalSection
	GlobalSection(ProjectConfigurationPlatforms) = postSolution
		{02F58424-3410-4FFC-894E-7B93EE270F51}.Debug|Any CPU.ActiveCfg = Debug|Any CPU
		{02F58424-3410-4FFC-894E-7B93EE270F51}.Debug|Any CPU.Build.0 = Debug|Any CPU
		{02F58424-3410-4FFC-894E-7B93EE270F51}.Debug|Any CPU.Deploy.0 = Debug|Any CPU
		{02F58424-3410-4FFC-894E-7B93EE270F51}.Release|Any CPU.ActiveCfg = Release|Any CPU
		{02F58424-3410-4FFC-894E-7B93EE270F51}.Release|Any CPU.Build.0 = Release|Any CPU
		{02F58424-3410-4FFC-894E-7B93EE270F51}.Release|Any CPU.Deploy.0 = Release|Any CPU
		{4962E45C-B70B-4496-8EE5-FE479F758C34}.Debug|Any CPU.ActiveCfg = Debug|Any CPU
		{4962E45C-B70B-4496-8EE5-FE479F758C34}.Debug|Any CPU.Build.0 = Debug|Any CPU
		{4962E45C-B70B-4496-8EE5-FE479F758C34}.Debug|Any CPU.Deploy.0 = Debug|Any CPU
		{4962E45C-B70B-4496-8EE5-FE479F758C34}.Release|Any CPU.ActiveCfg = Release|Any CPU
		{4962E45C-B70B-4496-8EE5-FE479F758C34}.Release|Any CPU.Build.0 = Release|Any CPU
		{4962E45C-B70B-4496-8EE5-FE479F758C34}.Release|Any CPU.Deploy.0 = Release|Any CPU
	EndGlobalSection
	GlobalSection(SolutionProperties) = preSolution
		HideSolutionNode = FALSE
	EndGlobalSection
	GlobalSection(ExtensibilityGlobals) = postSolution
		SolutionGuid = {5FFB8BEF-C617-476D-8A58-E1B07AB92810}
	EndGlobalSection
EndGlobal
